
Microsoft Visual Studio Solution File, Format Version 12.00
# Visual Studio 15
VisualStudioVersion = 15.0.27703.2018
MinimumVisualStudioVersion = 10.0.40219.1
Project("{F184B08F-C81C-45F6-A57F-5ABD9991F28F}") = "CaptivePortal", "CaptivePortal\CaptivePortal.vbproj", "{7F4F0683-E8D3-43CE-A1DF-0806257868F9}"
EndProject
Global
	GlobalSection(SolutionConfigurationPlatforms) = preSolution
		Debug|Any CPU = Debug|Any CPU
		Release|Any CPU = Release|Any CPU
	EndGlobalSection
	GlobalSection(ProjectConfigurationPlatforms) = postSolution
		{7F4F0683-E8D3-43CE-A1DF-0806257868F9}.Debug|Any CPU.ActiveCfg = Debug|Any CPU
		{7F4F0683-E8D3-43CE-A1DF-0806257868F9}.Debug|Any CPU.Build.0 = Debug|Any CPU
		{7F4F0683-E8D3-43CE-A1DF-0806257868F9}.Release|Any CPU.ActiveCfg = Release|Any CPU
		{7F4F0683-E8D3-43CE-A1DF-0806257868F9}.Release|Any CPU.Build.0 = Release|Any CPU
	EndGlobalSection
	GlobalSection(SolutionProperties) = preSolution
		HideSolutionNode = FALSE
	EndGlobalSection
	GlobalSection(ExtensibilityGlobals) = postSolution
		SolutionGuid = {4FF8AC88-759A-4049-8174-4AD88987DA87}
	EndGlobalSection
EndGlobal
